
Microsoft Visual Studio Solution File, Format Version 12.00
# Visual Studio Version 16
VisualStudioVersion = 16.0.33920.266
MinimumVisualStudioVersion = 10.0.40219.1
Project("{FAE04EC0-301F-11D3-BF4B-00C04F79EFBC}") = "BloodDonor", "BloodDonor\BloodDonor.csproj", "{05E34F50-E101-4E14-A932-B5956E40B7DB}"
EndProject
Global
	GlobalSection(SolutionConfigurationPlatforms) = preSolution
		Debug|Any CPU = Debug|Any CPU
		Release|Any CPU = Release|Any CPU
	EndGlobalSection
	GlobalSection(ProjectConfigurationPlatforms) = postSolution
		{05E34F50-E101-4E14-A932-B5956E40B7DB}.Debug|Any CPU.ActiveCfg = Debug|Any CPU
		{05E34F50-E101-4E14-A932-B5956E40B7DB}.Debug|Any CPU.Build.0 = Debug|Any CPU
		{05E34F50-E101-4E14-A932-B5956E40B7DB}.Release|Any CPU.ActiveCfg = Release|Any CPU
		{05E34F50-E101-4E14-A932-B5956E40B7DB}.Release|Any CPU.Build.0 = Release|Any CPU
	EndGlobalSection
	GlobalSection(SolutionProperties) = preSolution
		HideSolutionNode = FALSE
	EndGlobalSection
	GlobalSection(ExtensibilityGlobals) = postSolution
		SolutionGuid = {6034A31E-555D-427E-B612-1BAAB46E0F99}
	EndGlobalSection
EndGlobal
